// !$*UTF8*$!
{
	archiveVersion = 1;
	classes = {
	};
	objectVersion = 55;
	objects = {

/* Begin PBXBuildFile section */
		EAE86B9D2786241B0075864C /* Assets.xcassets in Resources */ = {isa = PBXBuildFile; fileRef = EAE86B9C2786241B0075864C /* Assets.xcassets */; };
		EAE86BA32786241B0075864C /* M5L7Challenge MessagesExtension.appex in Embed App Extensions */ = {isa = PBXBuildFile; fileRef = EAE86BA22786241B0075864C /* M5L7Challenge MessagesExtension.appex */; settings = {ATTRIBUTES = (RemoveHeadersOnCopy, ); }; };
		EAE86BA82786241B0075864C /* Messages.framework in Frameworks */ = {isa = PBXBuildFile; fileRef = EAE86BA72786241B0075864C /* Messages.framework */; };
		EAE86BAB2786241B0075864C /* MessagesViewController.swift in Sources */ = {isa = PBXBuildFile; fileRef = EAE86BAA2786241B0075864C /* MessagesViewController.swift */; };
		EAE86BAE2786241B0075864C /* MainInterface.storyboard in Resources */ = {isa = PBXBuildFile; fileRef = EAE86BAC2786241B0075864C /* MainInterface.storyboard */; };
		EAE86BB02786241B0075864C /* Assets.xcassets in Resources */ = {isa = PBXBuildFile; fileRef = EAE86BAF2786241B0075864C /* Assets.xcassets */; };
/* End PBXBuildFile section */

/* Begin PBXContainerItemProxy section */
		EAE86BA42786241B0075864C /* PBXContainerItemProxy */ = {
			isa = PBXContainerItemProxy;
			containerPortal = EAE86B932786241A0075864C /* Project object */;
			proxyType = 1;
			remoteGlobalIDString = EAE86BA12786241B0075864C;
			remoteInfo = "M5L7Challenge MessagesExtension";
		};
/* End PBXContainerItemProxy section */

/* Begin PBXCopyFilesBuildPhase section */
		EAE86BB72786241B0075864C /* Embed App Extensions */ = {
			isa = PBXCopyFilesBuildPhase;
			buildActionMask = 2147483647;
			dstPath = "";
			dstSubfolderSpec = 13;
			files = (
				EAE86BA32786241B0075864C /* M5L7Challenge MessagesExtension.appex in Embed App Extensions */,
			);
			name = "Embed App Extensions";
			runOnlyForDeploymentPostprocessing = 0;
		};
/* End PBXCopyFilesBuildPhase section */

/* Begin PBXFileReference section */
		EAE86B992786241A0075864C /* M5L7Challenge.app */ = {isa = PBXFileReference; explicitFileType = wrapper.application; includeInIndex = 0; path = M5L7Challenge.app; sourceTree = BUILT_PRODUCTS_DIR; };
		EAE86B9C2786241B0075864C /* Assets.xcassets */ = {isa = PBXFileReference; lastKnownFileType = folder.assetcatalog; path = Assets.xcassets; sourceTree = "<group>"; };
		EAE86BA22786241B0075864C /* M5L7Challenge MessagesExtension.appex */ = {isa = PBXFileReference; explicitFileType = "wrapper.app-extension"; includeInIndex = 0; path = "M5L7Challenge MessagesExtension.appex"; sourceTree = BUILT_PRODUCTS_DIR; };
		EAE86BA72786241B0075864C /* Messages.framework */ = {isa = PBXFileReference; lastKnownFileType = wrapper.framework; name = Messages.framework; path = System/Library/Frameworks/Messages.framework; sourceTree = SDKROOT; };
		EAE86BAA2786241B0075864C /* MessagesViewController.swift */ = {isa = PBXFileReference; lastKnownFileType = sourcecode.swift; path = MessagesViewController.swift; sourceTree = "<group>"; };
		EAE86BAD2786241B0075864C /* Base */ = {isa = PBXFileReference; lastKnownFileType = file.storyboard; name = Base; path = Base.lproj/MainInterface.storyboard; sourceTree = "<group>"; };
		EAE86BAF2786241B0075864C /* Assets.xcassets */ = {isa = PBXFileReference; lastKnownFileType = folder.assetcatalog; path = Assets.xcassets; sourceTree = "<group>"; };
		EAE86BB12786241B0075864C /* Info.plist */ = {isa = PBXFileReference; lastKnownFileType = text.plist.xml; path = Info.plist; sourceTree = "<group>"; };
/* End PBXFileReference section */

/* Begin PBXFrameworksBuildPhase section */
		EAE86B9F2786241B0075864C /* Frameworks */ = {
			isa = PBXFrameworksBuildPhase;
			buildActionMask = 2147483647;
			files = (
				EAE86BA82786241B0075864C /* Messages.framework in Frameworks */,
			);
			runOnlyForDeploymentPostprocessing = 0;
		};
/* End PBXFrameworksBuildPhase section */

/* Begin PBXGroup section */
		EAE86B922786241A0075864C = {
			isa = PBXGroup;
			children = (
				EAE86B9B2786241A0075864C /* M5L7Challenge */,
				EAE86BA92786241B0075864C /* M5L7Challenge MessagesExtension */,
				EAE86BA62786241B0075864C /* Frameworks */,
				EAE86B9A2786241A0075864C /* Products */,
			);
			sourceTree = "<group>";
		};
		EAE86B9A2786241A0075864C /* Products */ = {
			isa = PBXGroup;
			children = (
				EAE86B992786241A0075864C /* M5L7Challenge.app */,
				EAE86BA22786241B0075864C /* M5L7Challenge MessagesExtension.appex */,
			);
			name = Products;
			sourceTree = "<group>";
		};
		EAE86B9B2786241A0075864C /* M5L7Challenge */ = {
			isa = PBXGroup;
			children = (
				EAE86B9C2786241B0075864C /* Assets.xcassets */,
			);
			path = M5L7Challenge;
			sourceTree = "<group>";
		};
		EAE86BA62786241B0075864C /* Frameworks */ = {
			isa = PBXGroup;
			children = (
				EAE86BA72786241B0075864C /* Messages.framework */,
			);
			name = Frameworks;
			sourceTree = "<group>";
		};
		EAE86BA92786241B0075864C /* M5L7Challenge MessagesExtension */ = {
			isa = PBXGroup;
			children = (
				EAE86BAA2786241B0075864C /* MessagesViewController.swift */,
				EAE86BAC2786241B0075864C /* MainInterface.storyboard */,
				EAE86BAF2786241B0075864C /* Assets.xcassets */,
				EAE86BB12786241B0075864C /* Info.plist */,
			);
			path = "M5L7Challenge MessagesExtension";
			sourceTree = "<group>";
		};
/* End PBXGroup section */

/* Begin PBXNativeTarget section */
		EAE86B982786241A0075864C /* M5L7Challenge */ = {
			isa = PBXNativeTarget;
			buildConfigurationList = EAE86BB82786241B0075864C /* Build configuration list for PBXNativeTarget "M5L7Challenge" */;
			buildPhases = (
				EAE86B972786241A0075864C /* Resources */,
				EAE86BB72786241B0075864C /* Embed App Extensions */,
			);
			buildRules = (
			);
			dependencies = (
				EAE86BA52786241B0075864C /* PBXTargetDependency */,
			);
			name = M5L7Challenge;
			productName = M5L7Challenge;
			productReference = EAE86B992786241A0075864C /* M5L7Challenge.app */;
			productType = "com.apple.product-type.application.messages";
		};
		EAE86BA12786241B0075864C /* M5L7Challenge MessagesExtension */ = {
			isa = PBXNativeTarget;
			buildConfigurationList = EAE86BB42786241B0075864C /* Build configuration list for PBXNativeTarget "M5L7Challenge MessagesExtension" */;
			buildPhases = (
				EAE86B9E2786241B0075864C /* Sources */,
				EAE86B9F2786241B0075864C /* Frameworks */,
				EAE86BA02786241B0075864C /* Resources */,
			);
			buildRules = (
			);
			dependencies = (
			);
			name = "M5L7Challenge MessagesExtension";
			productName = "M5L7Challenge MessagesExtension";
			productReference = EAE86BA22786241B0075864C /* M5L7Challenge MessagesExtension.appex */;
			productType = "com.apple.product-type.app-extension.messages";
		};
/* End PBXNativeTarget section */

/* Begin PBXProject section */
		EAE86B932786241A0075864C /* Project object */ = {
			isa = PBXProject;
			attributes = {
				BuildIndependentTargetsInParallel = 1;
				LastSwiftUpdateCheck = 1320;
				LastUpgradeCheck = 1320;
				TargetAttributes = {
					EAE86B982786241A0075864C = {
						CreatedOnToolsVersion = 13.2.1;
					};
					EAE86BA12786241B0075864C = {
						CreatedOnToolsVersion = 13.2.1;
					};
				};
			};
			buildConfigurationList = EAE86B962786241A0075864C /* Build configuration list for PBXProject "M5L7Challenge" */;
			compatibilityVersion = "Xcode 13.0";
			developmentRegion = en;
			hasScannedForEncodings = 0;
			knownRegions = (
				en,
				Base,
			);
			mainGroup = EAE86B922786241A0075864C;
			productRefGroup = EAE86B9A2786241A0075864C /* Products */;
			projectDirPath = "";
			projectRoot = "";
			targets = (
				EAE86B982786241A0075864C /* M5L7Challenge */,
				EAE86BA12786241B0075864C /* M5L7Challenge MessagesExtension */,
			);
		};
/* End PBXProject section */

/* Begin PBXResourcesBuildPhase section */
		EAE86B972786241A0075864C /* Resources */ = {
			isa = PBXResourcesBuildPhase;
			buildActionMask = 2147483647;
			files = (
				EAE86B9D2786241B0075864C /* Assets.xcassets in Resources */,
			);
			runOnlyForDeploymentPostprocessing = 0;
		};
		EAE86BA02786241B0075864C /* Resources */ = {
			isa = PBXResourcesBuildPhase;
			buildActionMask = 2147483647;
			files = (
				EAE86BB02786241B0075864C /* Assets.xcassets in Resources */,
				EAE86BAE2786241B0075864C /* MainInterface.storyboard in Resources */,
			);
			runOnlyForDeploymentPostprocessing = 0;
		};
/* End PBXResourcesBuildPhase section */

/* Begin PBXSourcesBuildPhase section */
		EAE86B9E2786241B0075864C /* Sources */ = {
			isa = PBXSourcesBuildPhase;
			buildActionMask = 2147483647;
			files = (
				EAE86BAB2786241B0075864C /* MessagesViewController.swift in Sources */,
			);
			runOnlyForDeploymentPostprocessing = 0;
		};
/* End PBXSourcesBuildPhase section */

/* Begin PBXTargetDependency section */
		EAE86BA52786241B0075864C /* PBXTargetDependency */ = {
			isa = PBXTargetDependency;
			target = EAE86BA12786241B0075864C /* M5L7Challenge MessagesExtension */;
			targetProxy = EAE86BA42786241B0075864C /* PBXContainerItemProxy */;
		};
/* End PBXTargetDependency section */

/* Begin PBXVariantGroup section */
		EAE86BAC2786241B0075864C /* MainInterface.storyboard */ = {
			isa = PBXVariantGroup;
			children = (
				EAE86BAD2786241B0075864C /* Base */,
			);
			name = MainInterface.storyboard;
			sourceTree = "<group>";
		};
/* End PBXVariantGroup section */

/* Begin XCBuildConfiguration section */
		EAE86BB22786241B0075864C /* Debug */ = {
			isa = XCBuildConfiguration;
			buildSettings = {
				ALWAYS_SEARCH_USER_PATHS = NO;
				CLANG_ANALYZER_NONNULL = YES;
				CLANG_ANALYZER_NUMBER_OBJECT_CONVERSION = YES_AGGRESSIVE;
				CLANG_CXX_LANGUAGE_STANDARD = "gnu++17";
				CLANG_CXX_LIBRARY = "libc++";
				CLANG_ENABLE_MODULES = YES;
				CLANG_ENABLE_OBJC_ARC = YES;
				CLANG_ENABLE_OBJC_WEAK = YES;
				CLANG_WARN_BLOCK_CAPTURE_AUTORELEASING = YES;
				CLANG_WARN_BOOL_CONVERSION = YES;
				CLANG_WARN_COMMA = YES;
				CLANG_WARN_CONSTANT_CONVERSION = YES;
				CLANG_WARN_DEPRECATED_OBJC_IMPLEMENTATIONS = YES;
				CLANG_WARN_DIRECT_OBJC_ISA_USAGE = YES_ERROR;
				CLANG_WARN_DOCUMENTATION_COMMENTS = YES;
				CLANG_WARN_EMPTY_BODY = YES;
				CLANG_WARN_ENUM_CONVERSION = YES;
				CLANG_WARN_INFINITE_RECURSION = YES;
				CLANG_WARN_INT_CONVERSION = YES;
				CLANG_WARN_NON_LITERAL_NULL_CONVERSION = YES;
				CLANG_WARN_OBJC_IMPLICIT_RETAIN_SELF = YES;
				CLANG_WARN_OBJC_LITERAL_CONVERSION = YES;
				CLANG_WARN_OBJC_ROOT_CLASS = YES_ERROR;
				CLANG_WARN_QUOTED_INCLUDE_IN_FRAMEWORK_HEADER = YES;
				CLANG_WARN_RANGE_LOOP_ANALYSIS = YES;
				CLANG_WARN_STRICT_PROTOTYPES = YES;
				CLANG_WARN_SUSPICIOUS_MOVE = YES;
				CLANG_WARN_UNGUARDED_AVAILABILITY = YES_AGGRESSIVE;
				CLANG_WARN_UNREACHABLE_CODE = YES;
				CLANG_WARN__DUPLICATE_METHOD_MATCH = YES;
				COPY_PHASE_STRIP = NO;
				DEBUG_INFORMATION_FORMAT = dwarf;
				ENABLE_STRICT_OBJC_MSGSEND = YES;
				ENABLE_TESTABILITY = YES;
				GCC_C_LANGUAGE_STANDARD = gnu11;
				GCC_DYNAMIC_NO_PIC = NO;
				GCC_NO_COMMON_BLOCKS = YES;
				GCC_OPTIMIZATION_LEVEL = 0;
				GCC_PREPROCESSOR_DEFINITIONS = (
					"DEBUG=1",
					"$(inherited)",
				);
				GCC_WARN_64_TO_32_BIT_CONVERSION = YES;
				GCC_WARN_ABOUT_RETURN_TYPE = YES_ERROR;
				GCC_WARN_UNDECLARED_SELECTOR = YES;
				GCC_WARN_UNINITIALIZED_AUTOS = YES_AGGRESSIVE;
				GCC_WARN_UNUSED_FUNCTION = YES;
				GCC_WARN_UNUSED_VARIABLE = YES;
				IPHONEOS_DEPLOYMENT_TARGET = 15.2;
				MTL_ENABLE_DEBUG_INFO = INCLUDE_SOURCE;
				MTL_FAST_MATH = YES;
				ONLY_ACTIVE_ARCH = YES;
				SDKROOT = iphoneos;
				SWIFT_ACTIVE_COMPILATION_CONDITIONS = DEBUG;
				SWIFT_OPTIMIZATION_LEVEL = "-Onone";
			};
			name = Debug;
		};
		EAE86BB32786241B0075864C /* Release */ = {
			isa = XCBuildConfiguration;
			buildSettings = {
				ALWAYS_SEARCH_USER_PATHS = NO;
				CLANG_ANALYZER_NONNULL = YES;
				CLANG_ANALYZER_NUMBER_OBJECT_CONVERSION = YES_AGGRESSIVE;
				CLANG_CXX_LANGUAGE_STANDARD = "gnu++17";
				CLANG_CXX_LIBRARY = "libc++";
				CLANG_ENABLE_MODULES = YES;
				CLANG_ENABLE_OBJC_ARC = YES;
				CLANG_ENABLE_OBJC_WEAK = YES;
				CLANG_WARN_BLOCK_CAPTURE_AUTORELEASING = YES;
				CLANG_WARN_BOOL_CONVERSION = YES;
				CLANG_WARN_COMMA = YES;
				CLANG_WARN_CONSTANT_CONVERSION = YES;
				CLANG_WARN_DEPRECATED_OBJC_IMPLEMENTATIONS = YES;
				CLANG_WARN_DIRECT_OBJC_ISA_USAGE = YES_ERROR;
				CLANG_WARN_DOCUMENTATION_COMMENTS = YES;
				CLANG_WARN_EMPTY_BODY = YES;
				CLANG_WARN_ENUM_CONVERSION = YES;
				CLANG_WARN_INFINITE_RECURSION = YES;
				CLANG_WARN_INT_CONVERSION = YES;
				CLANG_WARN_NON_LITERAL_NULL_CONVERSION = YES;
				CLANG_WARN_OBJC_IMPLICIT_RETAIN_SELF = YES;
				CLANG_WARN_OBJC_LITERAL_CONVERSION = YES;
				CLANG_WARN_OBJC_ROOT_CLASS = YES_ERROR;
				CLANG_WARN_QUOTED_INCLUDE_IN_FRAMEWORK_HEADER = YES;
				CLANG_WARN_RANGE_LOOP_ANALYSIS = YES;
				CLANG_WARN_STRICT_PROTOTYPES = YES;
				CLANG_WARN_SUSPICIOUS_MOVE = YES;
				CLANG_WARN_UNGUARDED_AVAILABILITY = YES_AGGRESSIVE;
				CLANG_WARN_UNREACHABLE_CODE = YES;
				CLANG_WARN__DUPLICATE_METHOD_MATCH = YES;
				COPY_PHASE_STRIP = NO;
				DEBUG_INFORMATION_FORMAT = "dwarf-with-dsym";
				ENABLE_NS_ASSERTIONS = NO;
				ENABLE_STRICT_OBJC_MSGSEND = YES;
				GCC_C_LANGUAGE_STANDARD = gnu11;
				GCC_NO_COMMON_BLOCKS = YES;
				GCC_WARN_64_TO_32_BIT_CONVERSION = YES;
				GCC_WARN_ABOUT_RETURN_TYPE = YES_ERROR;
				GCC_WARN_UNDECLARED_SELECTOR = YES;
				GCC_WARN_UNINITIALIZED_AUTOS = YES_AGGRESSIVE;
				GCC_WARN_UNUSED_FUNCTION = YES;
				GCC_WARN_UNUSED_VARIABLE = YES;
				IPHONEOS_DEPLOYMENT_TARGET = 15.2;
				MTL_ENABLE_DEBUG_INFO = NO;
				MTL_FAST_MATH = YES;
				SDKROOT = iphoneos;
				SWIFT_COMPILATION_MODE = wholemodule;
				SWIFT_OPTIMIZATION_LEVEL = "-O";
				VALIDATE_PRODUCT = YES;
			};
			name = Release;
		};
		EAE86BB52786241B0075864C /* Debug */ = {
			isa = XCBuildConfiguration;
			buildSettings = {
				ASSETCATALOG_COMPILER_APPICON_NAME = "iMessage App Icon";
				CODE_SIGN_STYLE = Automatic;
				CURRENT_PROJECT_VERSION = 1;
				DEVELOPMENT_TEAM = 7B736R8KX4;
				GENERATE_INFOPLIST_FILE = YES;
				INFOPLIST_FILE = "M5L7Challenge MessagesExtension/Info.plist";
				INFOPLIST_KEY_CFBundleDisplayName = M5L7Challenge;
				INFOPLIST_KEY_NSHumanReadableCopyright = "";
				LD_RUNPATH_SEARCH_PATHS = (
					"$(inherited)",
					"@executable_path/Frameworks",
					"@executable_path/../../Frameworks",
				);
				MARKETING_VERSION = 1.0;
				PRODUCT_BUNDLE_IDENTIFIER = frogscode.com.M5L7Challenge.MessagesExtension;
				PRODUCT_NAME = "$(TARGET_NAME)";
				SKIP_INSTALL = YES;
				SWIFT_EMIT_LOC_STRINGS = YES;
				SWIFT_VERSION = 5.0;
				TARGETED_DEVICE_FAMILY = "1,2";
			};
			name = Debug;
		};
		EAE86BB62786241B0075864C /* Release */ = {
			isa = XCBuildConfiguration;
			buildSettings = {
				ASSETCATALOG_COMPILER_APPICON_NAME = "iMessage App Icon";
				CODE_SIGN_STYLE = Automatic;
				CURRENT_PROJECT_VERSION = 1;
				DEVELOPMENT_TEAM = 7B736R8KX4;
				GENERATE_INFOPLIST_FILE = YES;
				INFOPLIST_FILE = "M5L7Challenge MessagesExtension/Info.plist";
				INFOPLIST_KEY_CFBundleDisplayName = M5L7Challenge;
				INFOPLIST_KEY_NSHumanReadableCopyright = "";
				LD_RUNPATH_SEARCH_PATHS = (
					"$(inherited)",
					"@executable_path/Frameworks",
					"@executable_path/../../Frameworks",
				);
				MARKETING_VERSION = 1.0;
				PRODUCT_BUNDLE_IDENTIFIER = frogscode.com.M5L7Challenge.MessagesExtension;
				PRODUCT_NAME = "$(TARGET_NAME)";
				SKIP_INSTALL = YES;
				SWIFT_EMIT_LOC_STRINGS = YES;
				SWIFT_VERSION = 5.0;
				TARGETED_DEVICE_FAMILY = "1,2";
			};
			name = Release;
		};
		EAE86BB92786241B0075864C /* Debug */ = {
			isa = XCBuildConfiguration;
			buildSettings = {
				ALWAYS_EMBED_SWIFT_STANDARD_LIBRARIES = YES;
				ASSETCATALOG_COMPILER_APPICON_NAME = AppIcon;
				CODE_SIGN_STYLE = Automatic;
				CURRENT_PROJECT_VERSION = 1;
				DEVELOPMENT_TEAM = 7B736R8KX4;
				GENERATE_INFOPLIST_FILE = YES;
				INFOPLIST_KEY_UILaunchStoryboardName = LaunchScreen;
				INFOPLIST_KEY_UISupportedInterfaceOrientations_iPad = "UIInterfaceOrientationPortrait UIInterfaceOrientationPortraitUpsideDown UIInterfaceOrientationLandscapeLeft UIInterfaceOrientationLandscapeRight";
				INFOPLIST_KEY_UISupportedInterfaceOrientations_iPhone = "UIInterfaceOrientationPortrait UIInterfaceOrientationLandscapeLeft UIInterfaceOrientationLandscapeRight";
				MARKETING_VERSION = 1.0;
				PRODUCT_BUNDLE_IDENTIFIER = frogscode.com.M5L7Challenge;
				PRODUCT_NAME = "$(TARGET_NAME)";
				SWIFT_EMIT_LOC_STRINGS = YES;
				SWIFT_VERSION = 5.0;
				TARGETED_DEVICE_FAMILY = "1,2";
			};
			name = Debug;
		};
		EAE86BBA2786241B0075864C /* Release */ = {
			isa = XCBuildConfiguration;
			buildSettings = {
				ALWAYS_EMBED_SWIFT_STANDARD_LIBRARIES = YES;
				ASSETCATALOG_COMPILER_APPICON_NAME = AppIcon;
				CODE_SIGN_STYLE = Automatic;
				CURRENT_PROJECT_VERSION = 1;
				DEVELOPMENT_TEAM = 7B736R8KX4;
				GENERATE_INFOPLIST_FILE = YES;
				INFOPLIST_KEY_UILaunchStoryboardName = LaunchScreen;
				INFOPLIST_KEY_UISupportedInterfaceOrientations_iPad = "UIInterfaceOrientationPortrait UIInterfaceOrientationPortraitUpsideDown UIInterfaceOrientationLandscapeLeft UIInterfaceOrientationLandscapeRight";
				INFOPLIST_KEY_UISupportedInterfaceOrientations_iPhone = "UIInterfaceOrientationPortrait UIInterfaceOrientationLandscapeLeft UIInterfaceOrientationLandscapeRight";
				MARKETING_VERSION = 1.0;
				PRODUCT_BUNDLE_IDENTIFIER = frogscode.com.M5L7Challenge;
				PRODUCT_NAME = "$(TARGET_NAME)";
				SWIFT_EMIT_LOC_STRINGS = YES;
				SWIFT_VERSION = 5.0;
				TARGETED_DEVICE_FAMILY = "1,2";
			};
			name = Release;
		};
/* End XCBuildConfiguration section */

/* Begin XCConfigurationList section */
		EAE86B962786241A0075864C /* Build configuration list for PBXProject "M5L7Challenge" */ = {
			isa = XCConfigurationList;
			buildConfigurations = (
				EAE86BB22786241B0075864C /* Debug */,
				EAE86BB32786241B0075864C /* Release */,
			);
			defaultConfigurationIsVisible = 0;
			defaultConfigurationName = Release;
		};
		EAE86BB42786241B0075864C /* Build configuration list for PBXNativeTarget "M5L7Challenge MessagesExtension" */ = {
			isa = XCConfigurationList;
			buildConfigurations = (
				EAE86BB52786241B0075864C /* Debug */,
				EAE86BB62786241B0075864C /* Release */,
			);
			defaultConfigurationIsVisible = 0;
			defaultConfigurationName = Release;
		};
		EAE86BB82786241B0075864C /* Build configuration list for PBXNativeTarget "M5L7Challenge" */ = {
			isa = XCConfigurationList;
			buildConfigurations = (
				EAE86BB92786241B0075864C /* Debug */,
				EAE86BBA2786241B0075864C /* Release */,
			);
			defaultConfigurationIsVisible = 0;
			defaultConfigurationName = Release;
		};
/* End XCConfigurationList section */
	};
	rootObject = EAE86B932786241A0075864C /* Project object */;
}
